// !$*UTF8*$!
{
	archiveVersion = 1;
	classes = {
	};
	objectVersion = 46;
	objects = {

/* Begin PBXBuildFile section */
		C2D0EC371F3D1D0400241760 /* AppDelegate.swift in Sources */ = {isa = PBXBuildFile; fileRef = C2D0EC361F3D1D0400241760 /* AppDelegate.swift */; };
		C2D0EC391F3D1D0400241760 /* ViewController.swift in Sources */ = {isa = PBXBuildFile; fileRef = C2D0EC381F3D1D0400241760 /* ViewController.swift */; };
		C2D0EC3C1F3D1D0400241760 /* Main.storyboard in Resources */ = {isa = PBXBuildFile; fileRef = C2D0EC3A1F3D1D0400241760 /* Main.storyboard */; };
		C2D0EC3F1F3D1D0400241760 /* MyAdvancedNotes.xcdatamodeld in Sources */ = {isa = PBXBuildFile; fileRef = C2D0EC3D1F3D1D0400241760 /* MyAdvancedNotes.xcdatamodeld */; };
		C2D0EC411F3D1D0400241760 /* Assets.xcassets in Resources */ = {isa = PBXBuildFile; fileRef = C2D0EC401F3D1D0400241760 /* Assets.xcassets */; };
		C2D0EC441F3D1D0400241760 /* LaunchScreen.storyboard in Resources */ = {isa = PBXBuildFile; fileRef = C2D0EC421F3D1D0400241760 /* LaunchScreen.storyboard */; };
		C2D0EC4C1F3DFCDA00241760 /* NotesTableViewCell.swift in Sources */ = {isa = PBXBuildFile; fileRef = C2D0EC4B1F3DFCDA00241760 /* NotesTableViewCell.swift */; };
		C2D0EC4E1F3E390A00241760 /* ViewControllerShowNote.swift in Sources */ = {isa = PBXBuildFile; fileRef = C2D0EC4D1F3E390A00241760 /* ViewControllerShowNote.swift */; };
		C2D0EC501F3EF5E800241760 /* ViewControllerCreateNote.swift in Sources */ = {isa = PBXBuildFile; fileRef = C2D0EC4F1F3EF5E800241760 /* ViewControllerCreateNote.swift */; };
		C2D0EC521F3EF62900241760 /* ViewControllerCategories.swift in Sources */ = {isa = PBXBuildFile; fileRef = C2D0EC511F3EF62900241760 /* ViewControllerCategories.swift */; };
/* End PBXBuildFile section */

/* Begin PBXFileReference section */
		C2D0EC331F3D1D0300241760 /* MyAdvancedNotes.app */ = {isa = PBXFileReference; explicitFileType = wrapper.application; includeInIndex = 0; path = MyAdvancedNotes.app; sourceTree = BUILT_PRODUCTS_DIR; };
		C2D0EC361F3D1D0400241760 /* AppDelegate.swift */ = {isa = PBXFileReference; lastKnownFileType = sourcecode.swift; path = AppDelegate.swift; sourceTree = "<group>"; };
		C2D0EC381F3D1D0400241760 /* ViewController.swift */ = {isa = PBXFileReference; lastKnownFileType = sourcecode.swift; path = ViewController.swift; sourceTree = "<group>"; };
		C2D0EC3B1F3D1D0400241760 /* Base */ = {isa = PBXFileReference; lastKnownFileType = file.storyboard; name = Base; path = Base.lproj/Main.storyboard; sourceTree = "<group>"; };
		C2D0EC3E1F3D1D0400241760 /* MyAdvancedNotes.xcdatamodel */ = {isa = PBXFileReference; lastKnownFileType = wrapper.xcdatamodel; path = MyAdvancedNotes.xcdatamodel; sourceTree = "<group>"; };
		C2D0EC401F3D1D0400241760 /* Assets.xcassets */ = {isa = PBXFileReference; lastKnownFileType = folder.assetcatalog; path = Assets.xcassets; sourceTree = "<group>"; };
		C2D0EC431F3D1D0400241760 /* Base */ = {isa = PBXFileReference; lastKnownFileType = file.storyboard; name = Base; path = Base.lproj/LaunchScreen.storyboard; sourceTree = "<group>"; };
		C2D0EC451F3D1D0400241760 /* Info.plist */ = {isa = PBXFileReference; lastKnownFileType = text.plist.xml; path = Info.plist; sourceTree = "<group>"; };
		C2D0EC4B1F3DFCDA00241760 /* NotesTableViewCell.swift */ = {isa = PBXFileReference; fileEncoding = 4; lastKnownFileType = sourcecode.swift; path = NotesTableViewCell.swift; sourceTree = "<group>"; };
		C2D0EC4D1F3E390A00241760 /* ViewControllerShowNote.swift */ = {isa = PBXFileReference; fileEncoding = 4; lastKnownFileType = sourcecode.swift; path = ViewControllerShowNote.swift; sourceTree = "<group>"; };
		C2D0EC4F1F3EF5E800241760 /* ViewControllerCreateNote.swift */ = {isa = PBXFileReference; fileEncoding = 4; lastKnownFileType = sourcecode.swift; path = ViewControllerCreateNote.swift; sourceTree = "<group>"; };
		C2D0EC511F3EF62900241760 /* ViewControllerCategories.swift */ = {isa = PBXFileReference; fileEncoding = 4; lastKnownFileType = sourcecode.swift; path = ViewControllerCategories.swift; sourceTree = "<group>"; };
/* End PBXFileReference section */

/* Begin PBXFrameworksBuildPhase section */
		C2D0EC301F3D1D0300241760 /* Frameworks */ = {
			isa = PBXFrameworksBuildPhase;
			buildActionMask = 2147483647;
			files = (
			);
			runOnlyForDeploymentPostprocessing = 0;
		};
/* End PBXFrameworksBuildPhase section */

/* Begin PBXGroup section */
		C2D0EC2A1F3D1D0300241760 = {
			isa = PBXGroup;
			children = (
				C2D0EC351F3D1D0300241760 /* MyAdvancedNotes */,
				C2D0EC341F3D1D0300241760 /* Products */,
			);
			sourceTree = "<group>";
		};
		C2D0EC341F3D1D0300241760 /* Products */ = {
			isa = PBXGroup;
			children = (
				C2D0EC331F3D1D0300241760 /* MyAdvancedNotes.app */,
			);
			name = Products;
			sourceTree = "<group>";
		};
		C2D0EC351F3D1D0300241760 /* MyAdvancedNotes */ = {
			isa = PBXGroup;
			children = (
				C2D0EC361F3D1D0400241760 /* AppDelegate.swift */,
				C2D0EC381F3D1D0400241760 /* ViewController.swift */,
				C2D0EC4D1F3E390A00241760 /* ViewControllerShowNote.swift */,
				C2D0EC3A1F3D1D0400241760 /* Main.storyboard */,
				C2D0EC4F1F3EF5E800241760 /* ViewControllerCreateNote.swift */,
				C2D0EC511F3EF62900241760 /* ViewControllerCategories.swift */,
				C2D0EC4B1F3DFCDA00241760 /* NotesTableViewCell.swift */,
				C2D0EC401F3D1D0400241760 /* Assets.xcassets */,
				C2D0EC421F3D1D0400241760 /* LaunchScreen.storyboard */,
				C2D0EC451F3D1D0400241760 /* Info.plist */,
				C2D0EC3D1F3D1D0400241760 /* MyAdvancedNotes.xcdatamodeld */,
			);
			path = MyAdvancedNotes;
			sourceTree = "<group>";
		};
/* End PBXGroup section */

/* Begin PBXNativeTarget section */
		C2D0EC321F3D1D0300241760 /* MyAdvancedNotes */ = {
			isa = PBXNativeTarget;
			buildConfigurationList = C2D0EC481F3D1D0400241760 /* Build configuration list for PBXNativeTarget "MyAdvancedNotes" */;
			buildPhases = (
				C2D0EC2F1F3D1D0300241760 /* Sources */,
				C2D0EC301F3D1D0300241760 /* Frameworks */,
				C2D0EC311F3D1D0300241760 /* Resources */,
			);
			buildRules = (
			);
			dependencies = (
			);
			name = MyAdvancedNotes;
			productName = MyAdvancedNotes;
			productReference = C2D0EC331F3D1D0300241760 /* MyAdvancedNotes.app */;
			productType = "com.apple.product-type.application";
		};
/* End PBXNativeTarget section */

/* Begin PBXProject section */
		C2D0EC2B1F3D1D0300241760 /* Project object */ = {
			isa = PBXProject;
			attributes = {
				LastSwiftUpdateCheck = 0830;
				LastUpgradeCheck = 0830;
				ORGANIZATIONNAME = Yassine;
				TargetAttributes = {
					C2D0EC321F3D1D0300241760 = {
						CreatedOnToolsVersion = 8.3.3;
						DevelopmentTeam = GGU8VU9CZU;
						ProvisioningStyle = Automatic;
					};
				};
			};
			buildConfigurationList = C2D0EC2E1F3D1D0300241760 /* Build configuration list for PBXProject "MyAdvancedNotes" */;
			compatibilityVersion = "Xcode 3.2";
			developmentRegion = English;
			hasScannedForEncodings = 0;
			knownRegions = (
				en,
				Base,
			);
			mainGroup = C2D0EC2A1F3D1D0300241760;
			productRefGroup = C2D0EC341F3D1D0300241760 /* Products */;
			projectDirPath = "";
			projectRoot = "";
			targets = (
				C2D0EC321F3D1D0300241760 /* MyAdvancedNotes */,
			);
		};
/* End PBXProject section */

/* Begin PBXResourcesBuildPhase section */
		C2D0EC311F3D1D0300241760 /* Resources */ = {
			isa = PBXResourcesBuildPhase;
			buildActionMask = 2147483647;
			files = (
				C2D0EC441F3D1D0400241760 /* LaunchScreen.storyboard in Resources */,
				C2D0EC411F3D1D0400241760 /* Assets.xcassets in Resources */,
				C2D0EC3C1F3D1D0400241760 /* Main.storyboard in Resources */,
			);
			runOnlyForDeploymentPostprocessing = 0;
		};
/* End PBXResourcesBuildPhase section */

/* Begin PBXSourcesBuildPhase section */
		C2D0EC2F1F3D1D0300241760 /* Sources */ = {
			isa = PBXSourcesBuildPhase;
			buildActionMask = 2147483647;
			files = (
				C2D0EC4E1F3E390A00241760 /* ViewControllerShowNote.swift in Sources */,
				C2D0EC391F3D1D0400241760 /* ViewController.swift in Sources */,
				C2D0EC501F3EF5E800241760 /* ViewControllerCreateNote.swift in Sources */,
				C2D0EC3F1F3D1D0400241760 /* MyAdvancedNotes.xcdatamodeld in Sources */,
				C2D0EC371F3D1D0400241760 /* AppDelegate.swift in Sources */,
				C2D0EC4C1F3DFCDA00241760 /* NotesTableViewCell.swift in Sources */,
				C2D0EC521F3EF62900241760 /* ViewControllerCategories.swift in Sources */,
			);
			runOnlyForDeploymentPostprocessing = 0;
		};
/* End PBXSourcesBuildPhase section */

/* Begin PBXVariantGroup section */
		C2D0EC3A1F3D1D0400241760 /* Main.storyboard */ = {
			isa = PBXVariantGroup;
			children = (
				C2D0EC3B1F3D1D0400241760 /* Base */,
			);
			name = Main.storyboard;
			sourceTree = "<group>";
		};
		C2D0EC421F3D1D0400241760 /* LaunchScreen.storyboard */ = {
			isa = PBXVariantGroup;
			children = (
				C2D0EC431F3D1D0400241760 /* Base */,
			);
			name = LaunchScreen.storyboard;
			sourceTree = "<group>";
		};
/* End PBXVariantGroup section */

/* Begin XCBuildConfiguration section */
		C2D0EC461F3D1D0400241760 /* Debug */ = {
			isa = XCBuildConfiguration;
			buildSettings = {
				ALWAYS_SEARCH_USER_PATHS = NO;
				CLANG_ANALYZER_NONNULL = YES;
				CLANG_ANALYZER_NUMBER_OBJECT_CONVERSION = YES_AGGRESSIVE;
				CLANG_CXX_LANGUAGE_STANDARD = "gnu++0x";
				CLANG_CXX_LIBRARY = "libc++";
				CLANG_ENABLE_MODULES = YES;
				CLANG_ENABLE_OBJC_ARC = YES;
				CLANG_WARN_BOOL_CONVERSION = YES;
				CLANG_WARN_CONSTANT_CONVERSION = YES;
				CLANG_WARN_DIRECT_OBJC_ISA_USAGE = YES_ERROR;
				CLANG_WARN_DOCUMENTATION_COMMENTS = YES;
				CLANG_WARN_EMPTY_BODY = YES;
				CLANG_WARN_ENUM_CONVERSION = YES;
				CLANG_WARN_INFINITE_RECURSION = YES;
				CLANG_WARN_INT_CONVERSION = YES;
				CLANG_WARN_OBJC_ROOT_CLASS = YES_ERROR;
				CLANG_WARN_SUSPICIOUS_MOVE = YES;
				CLANG_WARN_UNREACHABLE_CODE = YES;
				CLANG_WARN__DUPLICATE_METHOD_MATCH = YES;
				"CODE_SIGN_IDENTITY[sdk=iphoneos*]" = "iPhone Developer";
				COPY_PHASE_STRIP = NO;
				DEBUG_INFORMATION_FORMAT = dwarf;
				ENABLE_STRICT_OBJC_MSGSEND = YES;
				ENABLE_TESTABILITY = YES;
				GCC_C_LANGUAGE_STANDARD = gnu99;
				GCC_DYNAMIC_NO_PIC = NO;
				GCC_NO_COMMON_BLOCKS = YES;
				GCC_OPTIMIZATION_LEVEL = 0;
				GCC_PREPROCESSOR_DEFINITIONS = (
					"DEBUG=1",
					"$(inherited)",
				);
				GCC_WARN_64_TO_32_BIT_CONVERSION = YES;
				GCC_WARN_ABOUT_RETURN_TYPE = YES_ERROR;
				GCC_WARN_UNDECLARED_SELECTOR = YES;
				GCC_WARN_UNINITIALIZED_AUTOS = YES_AGGRESSIVE;
				GCC_WARN_UNUSED_FUNCTION = YES;
				GCC_WARN_UNUSED_VARIABLE = YES;
				IPHONEOS_DEPLOYMENT_TARGET = 10.3;
				MTL_ENABLE_DEBUG_INFO = YES;
				ONLY_ACTIVE_ARCH = YES;
				SDKROOT = iphoneos;
				SWIFT_ACTIVE_COMPILATION_CONDITIONS = DEBUG;
				SWIFT_OPTIMIZATION_LEVEL = "-Onone";
				TARGETED_DEVICE_FAMILY = "1,2";
			};
			name = Debug;
		};
		C2D0EC471F3D1D0400241760 /* Release */ = {
			isa = XCBuildConfiguration;
			buildSettings = {
				ALWAYS_SEARCH_USER_PATHS = NO;
				CLANG_ANALYZER_NONNULL = YES;
				CLANG_ANALYZER_NUMBER_OBJECT_CONVERSION = YES_AGGRESSIVE;
				CLANG_CXX_LANGUAGE_STANDARD = "gnu++0x";
				CLANG_CXX_LIBRARY = "libc++";
				CLANG_ENABLE_MODULES = YES;
				CLANG_ENABLE_OBJC_ARC = YES;
				CLANG_WARN_BOOL_CONVERSION = YES;
				CLANG_WARN_CONSTANT_CONVERSION = YES;
				CLANG_WARN_DIRECT_OBJC_ISA_USAGE = YES_ERROR;
				CLANG_WARN_DOCUMENTATION_COMMENTS = YES;
				CLANG_WARN_EMPTY_BODY = YES;
				CLANG_WARN_ENUM_CONVERSION = YES;
				CLANG_WARN_INFINITE_RECURSION = YES;
				CLANG_WARN_INT_CONVERSION = YES;
				CLANG_WARN_OBJC_ROOT_CLASS = YES_ERROR;
				CLANG_WARN_SUSPICIOUS_MOVE = YES;
				CLANG_WARN_UNREACHABLE_CODE = YES;
				CLANG_WARN__DUPLICATE_METHOD_MATCH = YES;
				"CODE_SIGN_IDENTITY[sdk=iphoneos*]" = "iPhone Developer";
				COPY_PHASE_STRIP = NO;
				DEBUG_INFORMATION_FORMAT = "dwarf-with-dsym";
				ENABLE_NS_ASSERTIONS = NO;
				ENABLE_STRICT_OBJC_MSGSEND = YES;
				GCC_C_LANGUAGE_STANDARD = gnu99;
				GCC_NO_COMMON_BLOCKS = YES;
				GCC_WARN_64_TO_32_BIT_CONVERSION = YES;
				GCC_WARN_ABOUT_RETURN_TYPE = YES_ERROR;
				GCC_WARN_UNDECLARED_SELECTOR = YES;
				GCC_WARN_UNINITIALIZED_AUTOS = YES_AGGRESSIVE;
				GCC_WARN_UNUSED_FUNCTION = YES;
				GCC_WARN_UNUSED_VARIABLE = YES;
				IPHONEOS_DEPLOYMENT_TARGET = 10.3;
				MTL_ENABLE_DEBUG_INFO = NO;
				SDKROOT = iphoneos;
				SWIFT_OPTIMIZATION_LEVEL = "-Owholemodule";
				TARGETED_DEVICE_FAMILY = "1,2";
				VALIDATE_PRODUCT = YES;
			};
			name = Release;
		};
		C2D0EC491F3D1D0400241760 /* Debug */ = {
			isa = XCBuildConfiguration;
			buildSettings = {
				ASSETCATALOG_COMPILER_APPICON_NAME = AppIcon;
				DEVELOPMENT_TEAM = GGU8VU9CZU;
				INFOPLIST_FILE = MyAdvancedNotes/Info.plist;
				LD_RUNPATH_SEARCH_PATHS = "$(inherited) @executable_path/Frameworks";
				PRODUCT_BUNDLE_IDENTIFIER = tn.yassine.MyAdvancedNotes;
				PRODUCT_NAME = "$(TARGET_NAME)";
				SWIFT_VERSION = 3.0;
			};
			name = Debug;
		};
		C2D0EC4A1F3D1D0400241760 /* Release */ = {
			isa = XCBuildConfiguration;
			buildSettings = {
				ASSETCATALOG_COMPILER_APPICON_NAME = AppIcon;
				DEVELOPMENT_TEAM = GGU8VU9CZU;
				INFOPLIST_FILE = MyAdvancedNotes/Info.plist;
				LD_RUNPATH_SEARCH_PATHS = "$(inherited) @executable_path/Frameworks";
				PRODUCT_BUNDLE_IDENTIFIER = tn.yassine.MyAdvancedNotes;
				PRODUCT_NAME = "$(TARGET_NAME)";
				SWIFT_VERSION = 3.0;
			};
			name = Release;
		};
/* End XCBuildConfiguration section */

/* Begin XCConfigurationList section */
		C2D0EC2E1F3D1D0300241760 /* Build configuration list for PBXProject "MyAdvancedNotes" */ = {
			isa = XCConfigurationList;
			buildConfigurations = (
				C2D0EC461F3D1D0400241760 /* Debug */,
				C2D0EC471F3D1D0400241760 /* Release */,
			);
			defaultConfigurationIsVisible = 0;
			defaultConfigurationName = Release;
		};
		C2D0EC481F3D1D0400241760 /* Build configuration list for PBXNativeTarget "MyAdvancedNotes" */ = {
			isa = XCConfigurationList;
			buildConfigurations = (
				C2D0EC491F3D1D0400241760 /* Debug */,
				C2D0EC4A1F3D1D0400241760 /* Release */,
			);
			defaultConfigurationIsVisible = 0;
			defaultConfigurationName = Release;
		};
/* End XCConfigurationList section */

/* Begin XCVersionGroup section */
		C2D0EC3D1F3D1D0400241760 /* MyAdvancedNotes.xcdatamodeld */ = {
			isa = XCVersionGroup;
			children = (
				C2D0EC3E1F3D1D0400241760 /* MyAdvancedNotes.xcdatamodel */,
			);
			currentVersion = C2D0EC3E1F3D1D0400241760 /* MyAdvancedNotes.xcdatamodel */;
			path = MyAdvancedNotes.xcdatamodeld;
			sourceTree = "<group>";
			versionGroupType = wrapper.xcdatamodel;
		};
/* End XCVersionGroup section */
	};
	rootObject = C2D0EC2B1F3D1D0300241760 /* Project object */;
}
